
Microsoft Visual Studio Solution File, Format Version 12.00
# Visual Studio 15
VisualStudioVersion = 15.0.28307.2092
MinimumVisualStudioVersion = 10.0.40219.1
Project("{8BC9CEB8-8B4A-11D0-8D11-00A0C91BC942}") = "13", "13\13.vcxproj", "{5BBACFEF-CB8C-4F3C-AA95-0C9719D47F7A}"
EndProject
Global
	GlobalSection(SolutionConfigurationPlatforms) = preSolution
		Debug|x64 = Debug|x64
		Debug|x86 = Debug|x86
		Release|x64 = Release|x64
		Release|x86 = Release|x86
	EndGlobalSection
	GlobalSection(ProjectConfigurationPlatforms) = postSolution
		{5BBACFEF-CB8C-4F3C-AA95-0C9719D47F7A}.Debug|x64.ActiveCfg = Debug|x64
		{5BBACFEF-CB8C-4F3C-AA95-0C9719D47F7A}.Debug|x64.Build.0 = Debug|x64
		{5BBACFEF-CB8C-4F3C-AA95-0C9719D47F7A}.Debug|x86.ActiveCfg = Debug|Win32
		{5BBACFEF-CB8C-4F3C-AA95-0C9719D47F7A}.Debug|x86.Build.0 = Debug|Win32
		{5BBACFEF-CB8C-4F3C-AA95-0C9719D47F7A}.Release|x64.ActiveCfg = Release|x64
		{5BBACFEF-CB8C-4F3C-AA95-0C9719D47F7A}.Release|x64.Build.0 = Release|x64
		{5BBACFEF-CB8C-4F3C-AA95-0C9719D47F7A}.Release|x86.ActiveCfg = Release|Win32
		{5BBACFEF-CB8C-4F3C-AA95-0C9719D47F7A}.Release|x86.Build.0 = Release|Win32
	EndGlobalSection
	GlobalSection(SolutionProperties) = preSolution
		HideSolutionNode = FALSE
	EndGlobalSection
	GlobalSection(ExtensibilityGlobals) = postSolution
		SolutionGuid = {153B3492-7BA9-4721-95E2-17C513CBEBB3}
	EndGlobalSection
EndGlobal
