
Microsoft Visual Studio Solution File, Format Version 12.00
# Visual Studio 15
VisualStudioVersion = 15.0.28307.2092
MinimumVisualStudioVersion = 10.0.40219.1
Project("{8BC9CEB8-8B4A-11D0-8D11-00A0C91BC942}") = "6", "6\6.vcxproj", "{E6874F58-57B7-44C9-8089-60B1D8B0F9DB}"
EndProject
Global
	GlobalSection(SolutionConfigurationPlatforms) = preSolution
		Debug|x64 = Debug|x64
		Debug|x86 = Debug|x86
		Release|x64 = Release|x64
		Release|x86 = Release|x86
	EndGlobalSection
	GlobalSection(ProjectConfigurationPlatforms) = postSolution
		{E6874F58-57B7-44C9-8089-60B1D8B0F9DB}.Debug|x64.ActiveCfg = Debug|x64
		{E6874F58-57B7-44C9-8089-60B1D8B0F9DB}.Debug|x64.Build.0 = Debug|x64
		{E6874F58-57B7-44C9-8089-60B1D8B0F9DB}.Debug|x86.ActiveCfg = Debug|Win32
		{E6874F58-57B7-44C9-8089-60B1D8B0F9DB}.Debug|x86.Build.0 = Debug|Win32
		{E6874F58-57B7-44C9-8089-60B1D8B0F9DB}.Release|x64.ActiveCfg = Release|x64
		{E6874F58-57B7-44C9-8089-60B1D8B0F9DB}.Release|x64.Build.0 = Release|x64
		{E6874F58-57B7-44C9-8089-60B1D8B0F9DB}.Release|x86.ActiveCfg = Release|Win32
		{E6874F58-57B7-44C9-8089-60B1D8B0F9DB}.Release|x86.Build.0 = Release|Win32
	EndGlobalSection
	GlobalSection(SolutionProperties) = preSolution
		HideSolutionNode = FALSE
	EndGlobalSection
	GlobalSection(ExtensibilityGlobals) = postSolution
		SolutionGuid = {C6E8AB9B-7E2D-4D0A-932E-E72590996FFD}
	EndGlobalSection
EndGlobal
